
Microsoft Visual Studio Solution File, Format Version 12.00
# Visual Studio Version 17
VisualStudioVersion = 17.8.34408.163
MinimumVisualStudioVersion = 10.0.40219.1
Project("{FAE04EC0-301F-11D3-BF4B-00C04F79EFBC}") = "WindowsFormsApp5", "WindowsFormsApp5\WindowsFormsApp5.csproj", "{D8387F46-3B6E-420A-B3FA-7F117ABCCD56}"
EndProject
Global
	GlobalSection(SolutionConfigurationPlatforms) = preSolution
		Debug|Any CPU = Debug|Any CPU
		Release|Any CPU = Release|Any CPU
	EndGlobalSection
	GlobalSection(ProjectConfigurationPlatforms) = postSolution
		{D8387F46-3B6E-420A-B3FA-7F117ABCCD56}.Debug|Any CPU.ActiveCfg = Debug|Any CPU
		{D8387F46-3B6E-420A-B3FA-7F117ABCCD56}.Debug|Any CPU.Build.0 = Debug|Any CPU
		{D8387F46-3B6E-420A-B3FA-7F117ABCCD56}.Release|Any CPU.ActiveCfg = Release|Any CPU
		{D8387F46-3B6E-420A-B3FA-7F117ABCCD56}.Release|Any CPU.Build.0 = Release|Any CPU
	EndGlobalSection
	GlobalSection(SolutionProperties) = preSolution
		HideSolutionNode = FALSE
	EndGlobalSection
	GlobalSection(ExtensibilityGlobals) = postSolution
		SolutionGuid = {DFEE47AD-C0B7-41A3-88D2-868C44D92186}
	EndGlobalSection
EndGlobal
